
Microsoft Visual Studio Solution File, Format Version 12.00
# Visual Studio Version 17
VisualStudioVersion = 17.2.32516.85
MinimumVisualStudioVersion = 10.0.40219.1
Project("{9A19103F-16F7-4668-BE54-9A1E7A4F7556}") = "Bellrock.Capi.Functions", "Bellrock.Capi.Functions\Bellrock.Capi.Functions.csproj", "{763E8038-28DB-4BF5-8049-BA9BB9FE8A3C}"
EndProject
Project("{FAE04EC0-301F-11D3-BF4B-00C04F79EFBC}") = "Bellrock.Capi.Models", "Bellrock.Capi.Models\Bellrock.Capi.Models.csproj", "{6152E6FD-98E4-45BC-B0A2-A11F2A3B81F5}"
EndProject
Project("{FAE04EC0-301F-11D3-BF4B-00C04F79EFBC}") = "Bellrock.Capi.CapiConnector", "Bellrock.Capi.CapiConnector\Bellrock.Capi.CapiConnector.csproj", "{B51FE3E9-19F0-4334-8A4C-B8A348975739}"
EndProject
Global
	GlobalSection(SolutionConfigurationPlatforms) = preSolution
		Debug|Any CPU = Debug|Any CPU
		Release|Any CPU = Release|Any CPU
	EndGlobalSection
	GlobalSection(ProjectConfigurationPlatforms) = postSolution
		{763E8038-28DB-4BF5-8049-BA9BB9FE8A3C}.Debug|Any CPU.ActiveCfg = Debug|Any CPU
		{763E8038-28DB-4BF5-8049-BA9BB9FE8A3C}.Debug|Any CPU.Build.0 = Debug|Any CPU
		{763E8038-28DB-4BF5-8049-BA9BB9FE8A3C}.Release|Any CPU.ActiveCfg = Release|Any CPU
		{763E8038-28DB-4BF5-8049-BA9BB9FE8A3C}.Release|Any CPU.Build.0 = Release|Any CPU
		{6152E6FD-98E4-45BC-B0A2-A11F2A3B81F5}.Debug|Any CPU.ActiveCfg = Debug|Any CPU
		{6152E6FD-98E4-45BC-B0A2-A11F2A3B81F5}.Debug|Any CPU.Build.0 = Debug|Any CPU
		{6152E6FD-98E4-45BC-B0A2-A11F2A3B81F5}.Release|Any CPU.ActiveCfg = Release|Any CPU
		{6152E6FD-98E4-45BC-B0A2-A11F2A3B81F5}.Release|Any CPU.Build.0 = Release|Any CPU
		{B51FE3E9-19F0-4334-8A4C-B8A348975739}.Debug|Any CPU.ActiveCfg = Debug|Any CPU
		{B51FE3E9-19F0-4334-8A4C-B8A348975739}.Debug|Any CPU.Build.0 = Debug|Any CPU
		{B51FE3E9-19F0-4334-8A4C-B8A348975739}.Release|Any CPU.ActiveCfg = Release|Any CPU
		{B51FE3E9-19F0-4334-8A4C-B8A348975739}.Release|Any CPU.Build.0 = Release|Any CPU
	EndGlobalSection
	GlobalSection(SolutionProperties) = preSolution
		HideSolutionNode = FALSE
	EndGlobalSection
	GlobalSection(ExtensibilityGlobals) = postSolution
		SolutionGuid = {2DD284D8-62E8-45F8-A98B-8976EA7456A6}
	EndGlobalSection
EndGlobal
